{
  "name": "voting-app",
  "lockfileVersion": 2,
  "requires": true,
  "packages": {
    "": {
      "devDependencies": {
        "html5-qrcode": "^2.1.6"
      }
    },
    "node_modules/html5-qrcode": {
      "version": "2.1.6",
      "resolved": "https://registry.npmjs.org/html5-qrcode/-/html5-qrcode-2.1.6.tgz",
      "integrity": "sha512-KyOamaxKOZmNp/3y7DAz8uuigNhTeQfyCPTlcuyNEQuKYPZPP3ghm6HFr/f7gmcDBwewcGTvv3jRvsCODEDt7w==",
      "dev": true
    }
  },
  "dependencies": {
    "html5-qrcode": {
      "version": "2.1.6",
      "resolved": "https://registry.npmjs.org/html5-qrcode/-/html5-qrcode-2.1.6.tgz",
      "integrity": "sha512-KyOamaxKOZmNp/3y7DAz8uuigNhTeQfyCPTlcuyNEQuKYPZPP3ghm6HFr/f7gmcDBwewcGTvv3jRvsCODEDt7w==",
      "dev": true
    }
  }
}
